PODS:
  - Dengage.Framework (2.5.24)

DEPENDENCIES:
  - Dengage.Framework (from `https://github.com/whitehorse-technology/Dengage.Framework.git`, branch `develop`)

EXTERNAL SOURCES:
  Dengage.Framework:
    :branch: develop
    :git: https://github.com/whitehorse-technology/Dengage.Framework.git

CHECKOUT OPTIONS:
  Dengage.Framework:
    :commit: da8d7f1741374889d2561b49fe1784fc1f78f01a
    :git: https://github.com/whitehorse-technology/Dengage.Framework.git

SPEC CHECKSUMS:
  Dengage.Framework: 33e1cb63dead666a409557de34729fad1d3aa9ee

PODFILE CHECKSUM: 91e1df1352da90b12fbd4313c1cdda6e90ed9a34

COCOAPODS: 1.10.1
